{
    "_meta": {
        "hash": {
            "sha256": "576d347419038d49efcca65aafdb235fd65400bf4e38312862710cf6514cfea9"
        },
        "requires": {},
        "sources": [
            {
                "url": "https://pypi.python.org/simple",
                "verify_ssl": true
            }
        ]
    },
    "default": {
        "GeoAlchemy2": {
            "version": "==0.4.0"
        },
        "PlyPlus": {
            "version": "==0.7.5"
        },
        "SQLAlchemy": {
            "version": "==1.1.10"
        },
        "arrow": {
            "version": "==0.10.0"
        },
        "bagit": {
            "version": "==1.5.4"
        },
        "click": {
            "version": "==6.7"
        },
        "geomet": {
            "version": "==0.1.2"
        },
        "ply": {
            "version": "==3.10"
        },
        "psycopg2": {
            "version": "==2.7.1"
        },
        "pyshp": {
            "version": "==1.2.11"
        },
        "python-dateutil": {
            "version": "==2.6.0"
        },
        "requests": {
            "version": "==2.14.2"
        },
        "six": {
            "version": "==1.10.0"
        }
    },
    "develop": {
        "appdirs": {
            "version": "==1.4.3"
        },
        "bumpversion": {
            "version": "==0.5.3"
        },
        "coverage": {
            "version": "==4.4.1"
        },
        "coveralls": {
            "version": "==1.1"
        },
        "docopt": {
            "version": "==0.6.2"
        },
        "mock": {
            "version": "==2.0.0"
        },
        "packaging": {
            "version": "==16.8"
        },
        "pbr": {
            "version": "==3.0.1"
        },
        "py": {
            "version": "==1.4.33"
        },
        "pyparsing": {
            "version": "==2.2.0"
        },
        "pytest": {
            "version": "==3.1.0"
        },
        "pytest-cov": {
            "version": "==2.5.1"
        },
        "requests": {
            "version": "==2.14.2"
        },
        "requests-mock": {
            "version": "==1.3.0"
        },
        "setuptools": {
            "version": "==35.0.2"
        },
        "six": {
            "version": "==1.10.0"
        }
    }
}
